
Microsoft Visual Studio Solution File, Format Version 12.00
# Visual Studio 2013
VisualStudioVersion = 12.0.30501.0
MinimumVisualStudioVersion = 10.0.40219.1
Project("{FAE04EC0-301F-11D3-BF4B-00C04F79EFBC}") = "Top Down Shooter", "Top Down Shooter\Top Down Shooter.csproj", "{137185D9-A95C-4364-A49C-1B8469116B9A}"
EndProject
Project("{FAE04EC0-301F-11D3-BF4B-00C04F79EFBC}") = "Top_Down_Shooter_Content", "Top Down Shooter Content\Top_Down_Shooter_Content\Top_Down_Shooter_Content.csproj", "{1714FD38-D98E-4992-A337-014B364C5396}"
EndProject
Project("{96E2B04D-8817-42C6-938A-82C39BA4D311}") = "Top_Down_Shooter_ContentContent", "Top Down Shooter Content\Top_Down_Shooter_ContentContent\Top_Down_Shooter_ContentContent.contentproj", "{FE5034C9-3583-4081-B4AB-DAB10E3971C5}"
EndProject
Global
	GlobalSection(SolutionConfigurationPlatforms) = preSolution
		Android|Any CPU = Android|Any CPU
		Android|ARM = Android|ARM
		Android|x64 = Android|x64
		Android|x86 = Android|x86
		Debug|Any CPU = Debug|Any CPU
		Debug|ARM = Debug|ARM
		Debug|x64 = Debug|x64
		Debug|x86 = Debug|x86
		iOS|Any CPU = iOS|Any CPU
		iOS|ARM = iOS|ARM
		iOS|x64 = iOS|x64
		iOS|x86 = iOS|x86
		Linux|Any CPU = Linux|Any CPU
		Linux|ARM = Linux|ARM
		Linux|x64 = Linux|x64
		Linux|x86 = Linux|x86
		OSX|Any CPU = OSX|Any CPU
		OSX|ARM = OSX|ARM
		OSX|x64 = OSX|x64
		OSX|x86 = OSX|x86
		PSM|Any CPU = PSM|Any CPU
		PSM|ARM = PSM|ARM
		PSM|x64 = PSM|x64
		PSM|x86 = PSM|x86
		Release|Any CPU = Release|Any CPU
		Release|ARM = Release|ARM
		Release|x64 = Release|x64
		Release|x86 = Release|x86
		Windows|Any CPU = Windows|Any CPU
		Windows|ARM = Windows|ARM
		Windows|x64 = Windows|x64
		Windows|x86 = Windows|x86
		Windows8|Any CPU = Windows8|Any CPU
		Windows8|ARM = Windows8|ARM
		Windows8|x64 = Windows8|x64
		Windows8|x86 = Windows8|x86
	EndGlobalSection
	GlobalSection(ProjectConfigurationPlatforms) = postSolution
		{137185D9-A95C-4364-A49C-1B8469116B9A}.Android|Any CPU.ActiveCfg = Release|Any CPU
		{137185D9-A95C-4364-A49C-1B8469116B9A}.Android|Any CPU.Build.0 = Release|Any CPU
		{137185D9-A95C-4364-A49C-1B8469116B9A}.Android|Any CPU.Deploy.0 = Release|Any CPU
		{137185D9-A95C-4364-A49C-1B8469116B9A}.Android|ARM.ActiveCfg = Release|ARM
		{137185D9-A95C-4364-A49C-1B8469116B9A}.Android|ARM.Build.0 = Release|ARM
		{137185D9-A95C-4364-A49C-1B8469116B9A}.Android|ARM.Deploy.0 = Release|ARM
		{137185D9-A95C-4364-A49C-1B8469116B9A}.Android|x64.ActiveCfg = Release|x64
		{137185D9-A95C-4364-A49C-1B8469116B9A}.Android|x64.Build.0 = Release|x64
		{137185D9-A95C-4364-A49C-1B8469116B9A}.Android|x64.Deploy.0 = Release|x64
		{137185D9-A95C-4364-A49C-1B8469116B9A}.Android|x86.ActiveCfg = Release|x86
		{137185D9-A95C-4364-A49C-1B8469116B9A}.Android|x86.Build.0 = Release|x86
		{137185D9-A95C-4364-A49C-1B8469116B9A}.Android|x86.Deploy.0 = Release|x86
		{137185D9-A95C-4364-A49C-1B8469116B9A}.Debug|Any CPU.ActiveCfg = Debug|Any CPU
		{137185D9-A95C-4364-A49C-1B8469116B9A}.Debug|Any CPU.Build.0 = Debug|Any CPU
		{137185D9-A95C-4364-A49C-1B8469116B9A}.Debug|Any CPU.Deploy.0 = Debug|Any CPU
		{137185D9-A95C-4364-A49C-1B8469116B9A}.Debug|ARM.ActiveCfg = Debug|ARM
		{137185D9-A95C-4364-A49C-1B8469116B9A}.Debug|ARM.Build.0 = Debug|ARM
		{137185D9-A95C-4364-A49C-1B8469116B9A}.Debug|ARM.Deploy.0 = Debug|ARM
		{137185D9-A95C-4364-A49C-1B8469116B9A}.Debug|x64.ActiveCfg = Debug|x64
		{137185D9-A95C-4364-A49C-1B8469116B9A}.Debug|x64.Build.0 = Debug|x64
		{137185D9-A95C-4364-A49C-1B8469116B9A}.Debug|x64.Deploy.0 = Debug|x64
		{137185D9-A95C-4364-A49C-1B8469116B9A}.Debug|x86.ActiveCfg = Debug|x86
		{137185D9-A95C-4364-A49C-1B8469116B9A}.Debug|x86.Build.0 = Debug|x86
		{137185D9-A95C-4364-A49C-1B8469116B9A}.Debug|x86.Deploy.0 = Debug|x86
		{137185D9-A95C-4364-A49C-1B8469116B9A}.iOS|Any CPU.ActiveCfg = Release|Any CPU
		{137185D9-A95C-4364-A49C-1B8469116B9A}.iOS|Any CPU.Build.0 = Release|Any CPU
		{137185D9-A95C-4364-A49C-1B8469116B9A}.iOS|Any CPU.Deploy.0 = Release|Any CPU
		{137185D9-A95C-4364-A49C-1B8469116B9A}.iOS|ARM.ActiveCfg = Release|ARM
		{137185D9-A95C-4364-A49C-1B8469116B9A}.iOS|ARM.Build.0 = Release|ARM
		{137185D9-A95C-4364-A49C-1B8469116B9A}.iOS|ARM.Deploy.0 = Release|ARM
		{137185D9-A95C-4364-A49C-1B8469116B9A}.iOS|x64.ActiveCfg = Release|x64
		{137185D9-A95C-4364-A49C-1B8469116B9A}.iOS|x64.Build.0 = Release|x64
		{137185D9-A95C-4364-A49C-1B8469116B9A}.iOS|x64.Deploy.0 = Release|x64
		{137185D9-A95C-4364-A49C-1B8469116B9A}.iOS|x86.ActiveCfg = Release|x86
		{137185D9-A95C-4364-A49C-1B8469116B9A}.iOS|x86.Build.0 = Release|x86
		{137185D9-A95C-4364-A49C-1B8469116B9A}.iOS|x86.Deploy.0 = Release|x86
		{137185D9-A95C-4364-A49C-1B8469116B9A}.Linux|Any CPU.ActiveCfg = Release|Any CPU
		{137185D9-A95C-4364-A49C-1B8469116B9A}.Linux|Any CPU.Build.0 = Release|Any CPU
		{137185D9-A95C-4364-A49C-1B8469116B9A}.Linux|Any CPU.Deploy.0 = Release|Any CPU
		{137185D9-A95C-4364-A49C-1B8469116B9A}.Linux|ARM.ActiveCfg = Release|ARM
		{137185D9-A95C-4364-A49C-1B8469116B9A}.Linux|ARM.Build.0 = Release|ARM
		{137185D9-A95C-4364-A49C-1B8469116B9A}.Linux|ARM.Deploy.0 = Release|ARM
		{137185D9-A95C-4364-A49C-1B8469116B9A}.Linux|x64.ActiveCfg = Release|x64
		{137185D9-A95C-4364-A49C-1B8469116B9A}.Linux|x64.Build.0 = Release|x64
		{137185D9-A95C-4364-A49C-1B8469116B9A}.Linux|x64.Deploy.0 = Release|x64
		{137185D9-A95C-4364-A49C-1B8469116B9A}.Linux|x86.ActiveCfg = Release|x86
		{137185D9-A95C-4364-A49C-1B8469116B9A}.Linux|x86.Build.0 = Release|x86
		{137185D9-A95C-4364-A49C-1B8469116B9A}.Linux|x86.Deploy.0 = Release|x86
		{137185D9-A95C-4364-A49C-1B8469116B9A}.OSX|Any CPU.ActiveCfg = Release|Any CPU
		{137185D9-A95C-4364-A49C-1B8469116B9A}.OSX|Any CPU.Build.0 = Release|Any CPU
		{137185D9-A95C-4364-A49C-1B8469116B9A}.OSX|Any CPU.Deploy.0 = Release|Any CPU
		{137185D9-A95C-4364-A49C-1B8469116B9A}.OSX|ARM.ActiveCfg = Release|ARM
		{137185D9-A95C-4364-A49C-1B8469116B9A}.OSX|ARM.Build.0 = Release|ARM
		{137185D9-A95C-4364-A49C-1B8469116B9A}.OSX|ARM.Deploy.0 = Release|ARM
		{137185D9-A95C-4364-A49C-1B8469116B9A}.OSX|x64.ActiveCfg = Release|x64
		{137185D9-A95C-4364-A49C-1B8469116B9A}.OSX|x64.Build.0 = Release|x64
		{137185D9-A95C-4364-A49C-1B8469116B9A}.OSX|x64.Deploy.0 = Release|x64
		{137185D9-A95C-4364-A49C-1B8469116B9A}.OSX|x86.ActiveCfg = Release|x86
		{137185D9-A95C-4364-A49C-1B8469116B9A}.OSX|x86.Build.0 = Release|x86
		{137185D9-A95C-4364-A49C-1B8469116B9A}.OSX|x86.Deploy.0 = Release|x86
		{137185D9-A95C-4364-A49C-1B8469116B9A}.PSM|Any CPU.ActiveCfg = Release|Any CPU
		{137185D9-A95C-4364-A49C-1B8469116B9A}.PSM|Any CPU.Build.0 = Release|Any CPU
		{137185D9-A95C-4364-A49C-1B8469116B9A}.PSM|Any CPU.Deploy.0 = Release|Any CPU
		{137185D9-A95C-4364-A49C-1B8469116B9A}.PSM|ARM.ActiveCfg = Release|ARM
		{137185D9-A95C-4364-A49C-1B8469116B9A}.PSM|ARM.Build.0 = Release|ARM
		{137185D9-A95C-4364-A49C-1B8469116B9A}.PSM|ARM.Deploy.0 = Release|ARM
		{137185D9-A95C-4364-A49C-1B8469116B9A}.PSM|x64.ActiveCfg = Release|x64
		{137185D9-A95C-4364-A49C-1B8469116B9A}.PSM|x64.Build.0 = Release|x64
		{137185D9-A95C-4364-A49C-1B8469116B9A}.PSM|x64.Deploy.0 = Release|x64
		{137185D9-A95C-4364-A49C-1B8469116B9A}.PSM|x86.ActiveCfg = Release|x86
		{137185D9-A95C-4364-A49C-1B8469116B9A}.PSM|x86.Build.0 = Release|x86
		{137185D9-A95C-4364-A49C-1B8469116B9A}.PSM|x86.Deploy.0 = Release|x86
		{137185D9-A95C-4364-A49C-1B8469116B9A}.Release|Any CPU.ActiveCfg = Release|Any CPU
		{137185D9-A95C-4364-A49C-1B8469116B9A}.Release|Any CPU.Build.0 = Release|Any CPU
		{137185D9-A95C-4364-A49C-1B8469116B9A}.Release|Any CPU.Deploy.0 = Release|Any CPU
		{137185D9-A95C-4364-A49C-1B8469116B9A}.Release|ARM.ActiveCfg = Release|ARM
		{137185D9-A95C-4364-A49C-1B8469116B9A}.Release|ARM.Build.0 = Release|ARM
		{137185D9-A95C-4364-A49C-1B8469116B9A}.Release|ARM.Deploy.0 = Release|ARM
		{137185D9-A95C-4364-A49C-1B8469116B9A}.Release|x64.ActiveCfg = Release|x64
		{137185D9-A95C-4364-A49C-1B8469116B9A}.Release|x64.Build.0 = Release|x64
		{137185D9-A95C-4364-A49C-1B8469116B9A}.Release|x64.Deploy.0 = Release|x64
		{137185D9-A95C-4364-A49C-1B8469116B9A}.Release|x86.ActiveCfg = Release|x86
		{137185D9-A95C-4364-A49C-1B8469116B9A}.Release|x86.Build.0 = Release|x86
		{137185D9-A95C-4364-A49C-1B8469116B9A}.Release|x86.Deploy.0 = Release|x86
		{137185D9-A95C-4364-A49C-1B8469116B9A}.Windows|Any CPU.ActiveCfg = Release|Any CPU
		{137185D9-A95C-4364-A49C-1B8469116B9A}.Windows|Any CPU.Build.0 = Release|Any CPU
		{137185D9-A95C-4364-A49C-1B8469116B9A}.Windows|Any CPU.Deploy.0 = Release|Any CPU
		{137185D9-A95C-4364-A49C-1B8469116B9A}.Windows|ARM.ActiveCfg = Release|ARM
		{137185D9-A95C-4364-A49C-1B8469116B9A}.Windows|ARM.Build.0 = Release|ARM
		{137185D9-A95C-4364-A49C-1B8469116B9A}.Windows|ARM.Deploy.0 = Release|ARM
		{137185D9-A95C-4364-A49C-1B8469116B9A}.Windows|x64.ActiveCfg = Release|x64
		{137185D9-A95C-4364-A49C-1B8469116B9A}.Windows|x64.Build.0 = Release|x64
		{137185D9-A95C-4364-A49C-1B8469116B9A}.Windows|x64.Deploy.0 = Release|x64
		{137185D9-A95C-4364-A49C-1B8469116B9A}.Windows|x86.ActiveCfg = Release|x86
		{137185D9-A95C-4364-A49C-1B8469116B9A}.Windows|x86.Build.0 = Release|x86
		{137185D9-A95C-4364-A49C-1B8469116B9A}.Windows|x86.Deploy.0 = Release|x86
		{137185D9-A95C-4364-A49C-1B8469116B9A}.Windows8|Any CPU.ActiveCfg = Release|Any CPU
		{137185D9-A95C-4364-A49C-1B8469116B9A}.Windows8|Any CPU.Build.0 = Release|Any CPU
		{137185D9-A95C-4364-A49C-1B8469116B9A}.Windows8|Any CPU.Deploy.0 = Release|Any CPU
		{137185D9-A95C-4364-A49C-1B8469116B9A}.Windows8|ARM.ActiveCfg = Release|ARM
		{137185D9-A95C-4364-A49C-1B8469116B9A}.Windows8|ARM.Build.0 = Release|ARM
		{137185D9-A95C-4364-A49C-1B8469116B9A}.Windows8|ARM.Deploy.0 = Release|ARM
		{137185D9-A95C-4364-A49C-1B8469116B9A}.Windows8|x64.ActiveCfg = Release|x64
		{137185D9-A95C-4364-A49C-1B8469116B9A}.Windows8|x64.Build.0 = Release|x64
		{137185D9-A95C-4364-A49C-1B8469116B9A}.Windows8|x64.Deploy.0 = Release|x64
		{137185D9-A95C-4364-A49C-1B8469116B9A}.Windows8|x86.ActiveCfg = Release|x86
		{137185D9-A95C-4364-A49C-1B8469116B9A}.Windows8|x86.Build.0 = Release|x86
		{137185D9-A95C-4364-A49C-1B8469116B9A}.Windows8|x86.Deploy.0 = Release|x86
		{1714FD38-D98E-4992-A337-014B364C5396}.Android|Any CPU.ActiveCfg = Android|Any CPU
		{1714FD38-D98E-4992-A337-014B364C5396}.Android|Any CPU.Build.0 = Android|Any CPU
		{1714FD38-D98E-4992-A337-014B364C5396}.Android|ARM.ActiveCfg = Android|Any CPU
		{1714FD38-D98E-4992-A337-014B364C5396}.Android|x64.ActiveCfg = Android|Any CPU
		{1714FD38-D98E-4992-A337-014B364C5396}.Android|x86.ActiveCfg = Android|Any CPU
		{1714FD38-D98E-4992-A337-014B364C5396}.Debug|Any CPU.ActiveCfg = PSM|Any CPU
		{1714FD38-D98E-4992-A337-014B364C5396}.Debug|Any CPU.Build.0 = PSM|Any CPU
		{1714FD38-D98E-4992-A337-014B364C5396}.Debug|ARM.ActiveCfg = PSM|Any CPU
		{1714FD38-D98E-4992-A337-014B364C5396}.Debug|x64.ActiveCfg = PSM|Any CPU
		{1714FD38-D98E-4992-A337-014B364C5396}.Debug|x86.ActiveCfg = PSM|Any CPU
		{1714FD38-D98E-4992-A337-014B364C5396}.iOS|Any CPU.ActiveCfg = iOS|Any CPU
		{1714FD38-D98E-4992-A337-014B364C5396}.iOS|Any CPU.Build.0 = iOS|Any CPU
		{1714FD38-D98E-4992-A337-014B364C5396}.iOS|ARM.ActiveCfg = iOS|Any CPU
		{1714FD38-D98E-4992-A337-014B364C5396}.iOS|x64.ActiveCfg = iOS|Any CPU
		{1714FD38-D98E-4992-A337-014B364C5396}.iOS|x86.ActiveCfg = iOS|Any CPU
		{1714FD38-D98E-4992-A337-014B364C5396}.Linux|Any CPU.ActiveCfg = Linux|Any CPU
		{1714FD38-D98E-4992-A337-014B364C5396}.Linux|Any CPU.Build.0 = Linux|Any CPU
		{1714FD38-D98E-4992-A337-014B364C5396}.Linux|ARM.ActiveCfg = Linux|Any CPU
		{1714FD38-D98E-4992-A337-014B364C5396}.Linux|x64.ActiveCfg = Linux|Any CPU
		{1714FD38-D98E-4992-A337-014B364C5396}.Linux|x86.ActiveCfg = Linux|Any CPU
		{1714FD38-D98E-4992-A337-014B364C5396}.OSX|Any CPU.ActiveCfg = OSX|Any CPU
		{1714FD38-D98E-4992-A337-014B364C5396}.OSX|Any CPU.Build.0 = OSX|Any CPU
		{1714FD38-D98E-4992-A337-014B364C5396}.OSX|ARM.ActiveCfg = OSX|Any CPU
		{1714FD38-D98E-4992-A337-014B364C5396}.OSX|x64.ActiveCfg = OSX|Any CPU
		{1714FD38-D98E-4992-A337-014B364C5396}.OSX|x86.ActiveCfg = OSX|Any CPU
		{1714FD38-D98E-4992-A337-014B364C5396}.PSM|Any CPU.ActiveCfg = PSM|Any CPU
		{1714FD38-D98E-4992-A337-014B364C5396}.PSM|Any CPU.Build.0 = PSM|Any CPU
		{1714FD38-D98E-4992-A337-014B364C5396}.PSM|ARM.ActiveCfg = PSM|Any CPU
		{1714FD38-D98E-4992-A337-014B364C5396}.PSM|x64.ActiveCfg = PSM|Any CPU
		{1714FD38-D98E-4992-A337-014B364C5396}.PSM|x86.ActiveCfg = PSM|Any CPU
		{1714FD38-D98E-4992-A337-014B364C5396}.Release|Any CPU.ActiveCfg = PSM|Any CPU
		{1714FD38-D98E-4992-A337-014B364C5396}.Release|Any CPU.Build.0 = PSM|Any CPU
		{1714FD38-D98E-4992-A337-014B364C5396}.Release|ARM.ActiveCfg = PSM|Any CPU
		{1714FD38-D98E-4992-A337-014B364C5396}.Release|x64.ActiveCfg = PSM|Any CPU
		{1714FD38-D98E-4992-A337-014B364C5396}.Release|x86.ActiveCfg = PSM|Any CPU
		{1714FD38-D98E-4992-A337-014B364C5396}.Windows|Any CPU.ActiveCfg = Windows|Any CPU
		{1714FD38-D98E-4992-A337-014B364C5396}.Windows|Any CPU.Build.0 = Windows|Any CPU
		{1714FD38-D98E-4992-A337-014B364C5396}.Windows|ARM.ActiveCfg = Windows|Any CPU
		{1714FD38-D98E-4992-A337-014B364C5396}.Windows|x64.ActiveCfg = Windows|Any CPU
		{1714FD38-D98E-4992-A337-014B364C5396}.Windows|x86.ActiveCfg = Windows|Any CPU
		{1714FD38-D98E-4992-A337-014B364C5396}.Windows8|Any CPU.ActiveCfg = Windows8|Any CPU
		{1714FD38-D98E-4992-A337-014B364C5396}.Windows8|Any CPU.Build.0 = Windows8|Any CPU
		{1714FD38-D98E-4992-A337-014B364C5396}.Windows8|ARM.ActiveCfg = Windows8|Any CPU
		{1714FD38-D98E-4992-A337-014B364C5396}.Windows8|x64.ActiveCfg = Windows8|Any CPU
		{1714FD38-D98E-4992-A337-014B364C5396}.Windows8|x86.ActiveCfg = Windows8|Any CPU
		{FE5034C9-3583-4081-B4AB-DAB10E3971C5}.Android|Any CPU.ActiveCfg = Android|Any CPU
		{FE5034C9-3583-4081-B4AB-DAB10E3971C5}.Android|ARM.ActiveCfg = Android|Any CPU
		{FE5034C9-3583-4081-B4AB-DAB10E3971C5}.Android|x64.ActiveCfg = Android|Any CPU
		{FE5034C9-3583-4081-B4AB-DAB10E3971C5}.Android|x86.ActiveCfg = Android|Any CPU
		{FE5034C9-3583-4081-B4AB-DAB10E3971C5}.Debug|Any CPU.ActiveCfg = PSM|Any CPU
		{FE5034C9-3583-4081-B4AB-DAB10E3971C5}.Debug|ARM.ActiveCfg = PSM|Any CPU
		{FE5034C9-3583-4081-B4AB-DAB10E3971C5}.Debug|x64.ActiveCfg = PSM|Any CPU
		{FE5034C9-3583-4081-B4AB-DAB10E3971C5}.Debug|x86.ActiveCfg = PSM|Any CPU
		{FE5034C9-3583-4081-B4AB-DAB10E3971C5}.iOS|Any CPU.ActiveCfg = iOS|Any CPU
		{FE5034C9-3583-4081-B4AB-DAB10E3971C5}.iOS|ARM.ActiveCfg = iOS|Any CPU
		{FE5034C9-3583-4081-B4AB-DAB10E3971C5}.iOS|x64.ActiveCfg = iOS|Any CPU
		{FE5034C9-3583-4081-B4AB-DAB10E3971C5}.iOS|x86.ActiveCfg = iOS|Any CPU
		{FE5034C9-3583-4081-B4AB-DAB10E3971C5}.Linux|Any CPU.ActiveCfg = Linux|Any CPU
		{FE5034C9-3583-4081-B4AB-DAB10E3971C5}.Linux|ARM.ActiveCfg = Linux|Any CPU
		{FE5034C9-3583-4081-B4AB-DAB10E3971C5}.Linux|x64.ActiveCfg = Linux|Any CPU
		{FE5034C9-3583-4081-B4AB-DAB10E3971C5}.Linux|x86.ActiveCfg = Linux|Any CPU
		{FE5034C9-3583-4081-B4AB-DAB10E3971C5}.OSX|Any CPU.ActiveCfg = OSX|Any CPU
		{FE5034C9-3583-4081-B4AB-DAB10E3971C5}.OSX|ARM.ActiveCfg = OSX|Any CPU
		{FE5034C9-3583-4081-B4AB-DAB10E3971C5}.OSX|x64.ActiveCfg = OSX|Any CPU
		{FE5034C9-3583-4081-B4AB-DAB10E3971C5}.OSX|x86.ActiveCfg = OSX|Any CPU
		{FE5034C9-3583-4081-B4AB-DAB10E3971C5}.PSM|Any CPU.ActiveCfg = PSM|Any CPU
		{FE5034C9-3583-4081-B4AB-DAB10E3971C5}.PSM|ARM.ActiveCfg = PSM|Any CPU
		{FE5034C9-3583-4081-B4AB-DAB10E3971C5}.PSM|x64.ActiveCfg = PSM|Any CPU
		{FE5034C9-3583-4081-B4AB-DAB10E3971C5}.PSM|x86.ActiveCfg = PSM|Any CPU
		{FE5034C9-3583-4081-B4AB-DAB10E3971C5}.Release|Any CPU.ActiveCfg = PSM|Any CPU
		{FE5034C9-3583-4081-B4AB-DAB10E3971C5}.Release|ARM.ActiveCfg = PSM|Any CPU
		{FE5034C9-3583-4081-B4AB-DAB10E3971C5}.Release|x64.ActiveCfg = PSM|Any CPU
		{FE5034C9-3583-4081-B4AB-DAB10E3971C5}.Release|x86.ActiveCfg = PSM|Any CPU
		{FE5034C9-3583-4081-B4AB-DAB10E3971C5}.Windows|Any CPU.ActiveCfg = Windows|Any CPU
		{FE5034C9-3583-4081-B4AB-DAB10E3971C5}.Windows|ARM.ActiveCfg = Windows|Any CPU
		{FE5034C9-3583-4081-B4AB-DAB10E3971C5}.Windows|x64.ActiveCfg = Windows|Any CPU
		{FE5034C9-3583-4081-B4AB-DAB10E3971C5}.Windows|x86.ActiveCfg = Windows|Any CPU
		{FE5034C9-3583-4081-B4AB-DAB10E3971C5}.Windows8|Any CPU.ActiveCfg = Windows8|Any CPU
		{FE5034C9-3583-4081-B4AB-DAB10E3971C5}.Windows8|ARM.ActiveCfg = Windows8|Any CPU
		{FE5034C9-3583-4081-B4AB-DAB10E3971C5}.Windows8|x64.ActiveCfg = Windows8|Any CPU
		{FE5034C9-3583-4081-B4AB-DAB10E3971C5}.Windows8|x86.ActiveCfg = Windows8|Any CPU
	EndGlobalSection
	GlobalSection(SolutionProperties) = preSolution
		HideSolutionNode = FALSE
	EndGlobalSection
EndGlobal
